
Microsoft Visual Studio Solution File, Format Version 12.00
# Visual Studio 15
VisualStudioVersion = 15.0.28010.2050
MinimumVisualStudioVersion = 10.0.40219.1
Project("{FAE04EC0-301F-11D3-BF4B-00C04F79EFBC}") = "RestAPI", "RestAPI\RestAPI.csproj", "{B33A79AC-F530-4CC4-BA35-68D475B182AD}"
EndProject
Global
	GlobalSection(SolutionConfigurationPlatforms) = preSolution
		Debug|Any CPU = Debug|Any CPU
		Release|Any CPU = Release|Any CPU
	EndGlobalSection
	GlobalSection(ProjectConfigurationPlatforms) = postSolution
		{B33A79AC-F530-4CC4-BA35-68D475B182AD}.Debug|Any CPU.ActiveCfg = Debug|Any CPU
		{B33A79AC-F530-4CC4-BA35-68D475B182AD}.Debug|Any CPU.Build.0 = Debug|Any CPU
		{B33A79AC-F530-4CC4-BA35-68D475B182AD}.Release|Any CPU.ActiveCfg = Release|Any CPU
		{B33A79AC-F530-4CC4-BA35-68D475B182AD}.Release|Any CPU.Build.0 = Release|Any CPU
	EndGlobalSection
	GlobalSection(SolutionProperties) = preSolution
		HideSolutionNode = FALSE
	EndGlobalSection
	GlobalSection(ExtensibilityGlobals) = postSolution
		SolutionGuid = {73D0CE19-F2AC-4729-97FC-161D04DEA3A1}
	EndGlobalSection
EndGlobal
